
Microsoft Visual Studio Solution File, Format Version 12.00
# Visual Studio Version 16
VisualStudioVersion = 16.0.30711.63
MinimumVisualStudioVersion = 10.0.40219.1
Project("{FAE04EC0-301F-11D3-BF4B-00C04F79EFBC}") = "TradingChartSample", "TradingChartSample\TradingChartSample.csproj", "{382B84B3-8FCE-49C3-9AD6-2B9781BE7CCE}"
EndProject
Project("{FAE04EC0-301F-11D3-BF4B-00C04F79EFBC}") = "TradingChart", "TradingChart\TradingChart.csproj", "{DCEAEAB0-6135-4EBF-9BE6-19297D1BC2BC}"
EndProject
Project("{9A19103F-16F7-4668-BE54-9A1E7A4F7556}") = "DataTypes", "DataTypes\DataTypes.csproj", "{2B568CF6-F31A-4E5C-81F2-FFE0772854C0}"
EndProject
Global
	GlobalSection(SolutionConfigurationPlatforms) = preSolution
		Debug|Any CPU = Debug|Any CPU
		Release|Any CPU = Release|Any CPU
	EndGlobalSection
	GlobalSection(ProjectConfigurationPlatforms) = postSolution
		{382B84B3-8FCE-49C3-9AD6-2B9781BE7CCE}.Debug|Any CPU.ActiveCfg = Debug|Any CPU
		{382B84B3-8FCE-49C3-9AD6-2B9781BE7CCE}.Debug|Any CPU.Build.0 = Debug|Any CPU
		{382B84B3-8FCE-49C3-9AD6-2B9781BE7CCE}.Release|Any CPU.ActiveCfg = Release|Any CPU
		{382B84B3-8FCE-49C3-9AD6-2B9781BE7CCE}.Release|Any CPU.Build.0 = Release|Any CPU
		{DCEAEAB0-6135-4EBF-9BE6-19297D1BC2BC}.Debug|Any CPU.ActiveCfg = Debug|Any CPU
		{DCEAEAB0-6135-4EBF-9BE6-19297D1BC2BC}.Debug|Any CPU.Build.0 = Debug|Any CPU
		{DCEAEAB0-6135-4EBF-9BE6-19297D1BC2BC}.Release|Any CPU.ActiveCfg = Release|Any CPU
		{DCEAEAB0-6135-4EBF-9BE6-19297D1BC2BC}.Release|Any CPU.Build.0 = Release|Any CPU
		{2B568CF6-F31A-4E5C-81F2-FFE0772854C0}.Debug|Any CPU.ActiveCfg = Debug|Any CPU
		{2B568CF6-F31A-4E5C-81F2-FFE0772854C0}.Debug|Any CPU.Build.0 = Debug|Any CPU
		{2B568CF6-F31A-4E5C-81F2-FFE0772854C0}.Release|Any CPU.ActiveCfg = Release|Any CPU
		{2B568CF6-F31A-4E5C-81F2-FFE0772854C0}.Release|Any CPU.Build.0 = Release|Any CPU
	EndGlobalSection
	GlobalSection(SolutionProperties) = preSolution
		HideSolutionNode = FALSE
	EndGlobalSection
	GlobalSection(ExtensibilityGlobals) = postSolution
		SolutionGuid = {B195C02C-5AFB-45C9-BB71-4C8D4213C1BF}
	EndGlobalSection
EndGlobal
